
Microsoft Visual Studio Solution File, Format Version 12.00
# Visual Studio Version 16
VisualStudioVersion = 16.0.31515.178
MinimumVisualStudioVersion = 10.0.40219.1
Project("{FAE04EC0-301F-11D3-BF4B-00C04F79EFBC}") = "GestionPharmacie", "GestionPharmacie\GestionPharmacie.csproj", "{36875E2E-89E1-4AA0-A1E5-D34B5011700E}"
EndProject
Global
	GlobalSection(SolutionConfigurationPlatforms) = preSolution
		Debug|Any CPU = Debug|Any CPU
		Release|Any CPU = Release|Any CPU
	EndGlobalSection
	GlobalSection(ProjectConfigurationPlatforms) = postSolution
		{36875E2E-89E1-4AA0-A1E5-D34B5011700E}.Debug|Any CPU.ActiveCfg = Debug|Any CPU
		{36875E2E-89E1-4AA0-A1E5-D34B5011700E}.Debug|Any CPU.Build.0 = Debug|Any CPU
		{36875E2E-89E1-4AA0-A1E5-D34B5011700E}.Release|Any CPU.ActiveCfg = Release|Any CPU
		{36875E2E-89E1-4AA0-A1E5-D34B5011700E}.Release|Any CPU.Build.0 = Release|Any CPU
	EndGlobalSection
	GlobalSection(SolutionProperties) = preSolution
		HideSolutionNode = FALSE
	EndGlobalSection
	GlobalSection(ExtensibilityGlobals) = postSolution
		SolutionGuid = {B35D4CBE-3445-4584-8447-42417EF55567}
	EndGlobalSection
EndGlobal
